{
  "version": "5",
  "specifiers": {
    "jsr:@bgub/eta@^4.5.0": "4.5.0",
    "jsr:@kunal-singh/cometa@0.4": "0.4.0"
  },
  "jsr": {
    "@bgub/eta@4.5.0": {
      "integrity": "3af12dad33888fddca0fc4330687e4eccc84695ec3abaf069d977281c5384c0f"
    },
    "@kunal-singh/cometa@0.4.0": {
      "integrity": "db87f3a3065e91cddc05951d8af49a17c1bd0af7e9a4ad2fdae4b8f66a9f6258",
      "dependencies": [
        "jsr:@bgub/eta"
      ]
    }
  },
  "workspace": {
    "dependencies": [
      "jsr:@kunal-singh/cometa@0.4"
    ]
  }
}
